<?xml version="1.0" encoding="utf-8"?>
<Project ToolsVersion="4.0" xmlns="http://schemas.microsoft.com/developer/msbuild/2003">
  <ItemGroup>
    <ClCompile Include="libobj.cpp" />
    <ClCompile Include="main.cpp" />
  </ItemGroup>
  <ItemGroup>
    <ClInclude Include="libobj.h" />
    <ClInclude Include="main.h" />
    <ClInclude Include="Model.h" />
  </ItemGroup>
  <ItemGroup>
    <Object Include="RF_tricycle.obj" />
  </ItemGroup>
</Project>